
Microsoft Visual Studio Solution File, Format Version 12.00
# Visual Studio 14
VisualStudioVersion = 14.0.25420.1
MinimumVisualStudioVersion = 10.0.40219.1
Project("{8BC9CEB8-8B4A-11D0-8D11-00A0C91BC942}") = "CSGOSimple", "CSGOSimple\CSGOSimple.vcxproj", "{F3E42845-8D56-4BB3-821D-8163AB1337F0}"
EndProject
Project("{8BC9CEB8-8B4A-11D0-8D11-00A0C91BC942}") = "SimpleInjector", "SimpleInjector\SimpleInjector.vcxproj", "{D6A5475A-A3D9-4971-B971-A94520CB0354}"
EndProject
Global
	GlobalSection(SolutionConfigurationPlatforms) = preSolution
		Debug|x64 = Debug|x64
		Debug|x86 = Debug|x86
		Release|x64 = Release|x64
		Release|x86 = Release|x86
	EndGlobalSection
	GlobalSection(ProjectConfigurationPlatforms) = postSolution
		{F3E42845-8D56-4BB3-821D-8163AB1337F0}.Debug|x64.ActiveCfg = Debug|Win32
		{F3E42845-8D56-4BB3-821D-8163AB1337F0}.Debug|x86.ActiveCfg = Debug|Win32
		{F3E42845-8D56-4BB3-821D-8163AB1337F0}.Debug|x86.Build.0 = Debug|Win32
		{F3E42845-8D56-4BB3-821D-8163AB1337F0}.Release|x64.ActiveCfg = Release|Win32
		{F3E42845-8D56-4BB3-821D-8163AB1337F0}.Release|x86.ActiveCfg = Release|Win32
		{F3E42845-8D56-4BB3-821D-8163AB1337F0}.Release|x86.Build.0 = Release|Win32
		{D6A5475A-A3D9-4971-B971-A94520CB0354}.Debug|x64.ActiveCfg = Debug|x64
		{D6A5475A-A3D9-4971-B971-A94520CB0354}.Debug|x64.Build.0 = Debug|x64
		{D6A5475A-A3D9-4971-B971-A94520CB0354}.Debug|x86.ActiveCfg = Debug|Win32
		{D6A5475A-A3D9-4971-B971-A94520CB0354}.Debug|x86.Build.0 = Debug|Win32
		{D6A5475A-A3D9-4971-B971-A94520CB0354}.Release|x64.ActiveCfg = Release|x64
		{D6A5475A-A3D9-4971-B971-A94520CB0354}.Release|x64.Build.0 = Release|x64
		{D6A5475A-A3D9-4971-B971-A94520CB0354}.Release|x86.ActiveCfg = Release|Win32
		{D6A5475A-A3D9-4971-B971-A94520CB0354}.Release|x86.Build.0 = Release|Win32
	EndGlobalSection
	GlobalSection(SolutionProperties) = preSolution
		HideSolutionNode = FALSE
	EndGlobalSection
EndGlobal
